
Microsoft Visual Studio Solution File, Format Version 12.00
# Visual Studio Version 17
VisualStudioVersion = 17.7.34202.233
MinimumVisualStudioVersion = 10.0.40219.1
Project("{FAE04EC0-301F-11D3-BF4B-00C04F79EFBC}") = "WebApplication2", "WebApplication2\WebApplication2.csproj", "{DE54CE40-26E3-433F-B480-BAC5619DD460}"
EndProject
Global
	GlobalSection(SolutionConfigurationPlatforms) = preSolution
		Debug|Any CPU = Debug|Any CPU
		Release|Any CPU = Release|Any CPU
	EndGlobalSection
	GlobalSection(ProjectConfigurationPlatforms) = postSolution
		{DE54CE40-26E3-433F-B480-BAC5619DD460}.Debug|Any CPU.ActiveCfg = Debug|Any CPU
		{DE54CE40-26E3-433F-B480-BAC5619DD460}.Debug|Any CPU.Build.0 = Debug|Any CPU
		{DE54CE40-26E3-433F-B480-BAC5619DD460}.Release|Any CPU.ActiveCfg = Release|Any CPU
		{DE54CE40-26E3-433F-B480-BAC5619DD460}.Release|Any CPU.Build.0 = Release|Any CPU
	EndGlobalSection
	GlobalSection(SolutionProperties) = preSolution
		HideSolutionNode = FALSE
	EndGlobalSection
	GlobalSection(ExtensibilityGlobals) = postSolution
		SolutionGuid = {A93D8989-CED4-4691-9850-7F80CAD4CAAA}
	EndGlobalSection
EndGlobal
